
Microsoft Visual Studio Solution File, Format Version 12.00
# Visual Studio Version 17
VisualStudioVersion = 17.1.32414.318
MinimumVisualStudioVersion = 10.0.40219.1
Project("{9A19103F-16F7-4668-BE54-9A1E7A4F7556}") = "Keepnote-Step2", "Keepnote-Step2\Keepnote-Step2.csproj", "{88AED71A-B2B8-48DF-B27E-4C6EB025419B}"
EndProject
Project("{9A19103F-16F7-4668-BE54-9A1E7A4F7556}") = "test", "test\test.csproj", "{3945F852-B374-4528-BEBE-35868AF7BBDD}"
EndProject
Global
	GlobalSection(SolutionConfigurationPlatforms) = preSolution
		Debug|Any CPU = Debug|Any CPU
		Release|Any CPU = Release|Any CPU
	EndGlobalSection
	GlobalSection(ProjectConfigurationPlatforms) = postSolution
		{88AED71A-B2B8-48DF-B27E-4C6EB025419B}.Debug|Any CPU.ActiveCfg = Debug|Any CPU
		{88AED71A-B2B8-48DF-B27E-4C6EB025419B}.Debug|Any CPU.Build.0 = Debug|Any CPU
		{88AED71A-B2B8-48DF-B27E-4C6EB025419B}.Release|Any CPU.ActiveCfg = Release|Any CPU
		{88AED71A-B2B8-48DF-B27E-4C6EB025419B}.Release|Any CPU.Build.0 = Release|Any CPU
		{3945F852-B374-4528-BEBE-35868AF7BBDD}.Debug|Any CPU.ActiveCfg = Debug|Any CPU
		{3945F852-B374-4528-BEBE-35868AF7BBDD}.Debug|Any CPU.Build.0 = Debug|Any CPU
		{3945F852-B374-4528-BEBE-35868AF7BBDD}.Release|Any CPU.ActiveCfg = Release|Any CPU
		{3945F852-B374-4528-BEBE-35868AF7BBDD}.Release|Any CPU.Build.0 = Release|Any CPU
	EndGlobalSection
	GlobalSection(SolutionProperties) = preSolution
		HideSolutionNode = FALSE
	EndGlobalSection
	GlobalSection(ExtensibilityGlobals) = postSolution
		SolutionGuid = {03C25BAC-FA44-4AA1-80EB-A31440B0C78D}
	EndGlobalSection
EndGlobal
